version = 1

[skills.sentry-create-alert]
source = "getsentry/sentry-for-ai"
resolved_url = "https://github.com/getsentry/sentry-for-ai"
resolved_path = "skills/sentry-create-alert"
resolved_commit = "fb398fdfff2055abc3d55917f6b6f0c0d5ad5e3b"

[skills.sentry-fix-issues]
source = "getsentry/sentry-for-ai"
resolved_url = "https://github.com/getsentry/sentry-for-ai"
resolved_path = "skills/sentry-fix-issues"
resolved_commit = "fb398fdfff2055abc3d55917f6b6f0c0d5ad5e3b"

[skills.sentry-sdk-upgrade]
source = "getsentry/sentry-for-ai"
resolved_url = "https://github.com/getsentry/sentry-for-ai"
resolved_path = "skills/sentry-sdk-upgrade"
resolved_commit = "fb398fdfff2055abc3d55917f6b6f0c0d5ad5e3b"

[skills.sentry-workflow]
source = "getsentry/sentry-for-ai"
resolved_url = "https://github.com/getsentry/sentry-for-ai"
resolved_path = "skills/sentry-workflow"
resolved_commit = "fb398fdfff2055abc3d55917f6b6f0c0d5ad5e3b"
